
Microsoft Visual Studio Solution File, Format Version 12.00
# Visual Studio Version 17
VisualStudioVersion = 17.6.33723.286
MinimumVisualStudioVersion = 10.0.40219.1
Project("{9A19103F-16F7-4668-BE54-9A1E7A4F7556}") = "LinearSearch", "SearchAlgorithms\LinearSearch.csproj", "{AC9E038A-B9E9-494F-8D77-6D9ECEEB6C8A}"
EndProject
Project("{2150E333-8FDC-42A3-9474-1A3956D46DE8}") = "SearchAlgrorithms", "SearchAlgrorithms", "{4C01A919-822A-4B87-A141-31379AC08145}"
EndProject
Project("{9A19103F-16F7-4668-BE54-9A1E7A4F7556}") = "BinarySearch", "BinarySearch\BinarySearch.csproj", "{E81AED8C-B7A6-4996-9F07-2591FDE5DBDE}"
EndProject
Project("{9A19103F-16F7-4668-BE54-9A1E7A4F7556}") = "LeftBinarySearch", "LeftBinarySearch\LeftBinarySearch.csproj", "{CC907971-3A93-4213-B156-8322955208E4}"
EndProject
Project("{9A19103F-16F7-4668-BE54-9A1E7A4F7556}") = "RightBinarySearch", "RightBinarySearch\RightBinarySearch.csproj", "{FAFE6472-FD5D-479D-8F25-EB94B00A388D}"
EndProject
Project("{9A19103F-16F7-4668-BE54-9A1E7A4F7556}") = "JumpSearch", "JumpSearch\JumpSearch.csproj", "{E0D8746A-DA33-4828-B935-9E3F4CA01AC3}"
EndProject
Project("{2150E333-8FDC-42A3-9474-1A3956D46DE8}") = "BinarySearches", "BinarySearches", "{90765911-01C1-462D-A0A3-17A3B2117A96}"
EndProject
Project("{2150E333-8FDC-42A3-9474-1A3956D46DE8}") = "JumpSearches", "JumpSearches", "{5124CA71-8B57-4571-8B7D-323C7EE89047}"
EndProject
Project("{9A19103F-16F7-4668-BE54-9A1E7A4F7556}") = "LeftJumpSearch", "LeftJumpSearch\LeftJumpSearch.csproj", "{2B9185AB-C1EB-45EE-B550-30C804D10F08}"
EndProject
Project("{9A19103F-16F7-4668-BE54-9A1E7A4F7556}") = "RightJumpSearch", "RightJumpSearch\RightJumpSearch.csproj", "{571AC6A7-4C3F-40AE-AC7C-8D2C2CED7F5C}"
EndProject
Project("{2150E333-8FDC-42A3-9474-1A3956D46DE8}") = "SortingAlgorithms", "SortingAlgorithms", "{579A8B06-D14E-4A70-BF09-0505CA354540}"
EndProject
Project("{9A19103F-16F7-4668-BE54-9A1E7A4F7556}") = "BubbleSort", "BubbleSort\BubbleSort.csproj", "{8C92C467-B65F-4F71-8124-8584D1DD5E45}"
EndProject
Project("{9A19103F-16F7-4668-BE54-9A1E7A4F7556}") = "SelectionSort", "SelectionSort\SelectionSort.csproj", "{BA270921-0E23-4B15-961B-82CFB08A40E8}"
EndProject
Project("{2150E333-8FDC-42A3-9474-1A3956D46DE8}") = "Algorithms", "Algorithms", "{1AACC8A9-54C9-427A-931A-87CD346F654C}"
EndProject
Project("{9A19103F-16F7-4668-BE54-9A1E7A4F7556}") = "SimpleInsertionSort", "SimpleInsertionSort\SimpleInsertionSort.csproj", "{70344E9D-33AE-4366-A1C8-E3BF88289241}"
EndProject
Project("{9A19103F-16F7-4668-BE54-9A1E7A4F7556}") = "CountingSort", "CountingSort\CountingSort.csproj", "{B93221FB-5D3B-45A6-B56E-DE4ADE65995A}"
EndProject
Project("{9A19103F-16F7-4668-BE54-9A1E7A4F7556}") = "RadixSort", "RadixSort\RadixSort.csproj", "{7367CB44-59A8-4510-A7DF-438327828233}"
EndProject
Project("{2150E333-8FDC-42A3-9474-1A3956D46DE8}") = "DataStructures", "DataStructures", "{FA67A68D-DBA0-4D97-8803-9893CD6C69E8}"
EndProject
Project("{9A19103F-16F7-4668-BE54-9A1E7A4F7556}") = "DynamicArray", "DynamicArray\DynamicArray.csproj", "{C3719B89-BB5F-41C3-995A-5D1000DA4FC9}"
EndProject
Project("{9A19103F-16F7-4668-BE54-9A1E7A4F7556}") = "SinglyLinkedList", "SinglyLinkedList\SinglyLinkedList.csproj", "{E7A6408E-C551-423F-BCD4-37FE5FCD0FAB}"
EndProject
Project("{2150E333-8FDC-42A3-9474-1A3956D46DE8}") = "LinkedLists", "LinkedLists", "{A85DD13B-A3A3-42BD-8A67-CBCF15C066EA}"
EndProject
Project("{9A19103F-16F7-4668-BE54-9A1E7A4F7556}") = "SinglyLinkedListWithTail", "SinglyLinkedListWithTail\SinglyLinkedListWithTail.csproj", "{1DA4D0C2-06D0-4AAB-9EFD-E139C308EFF5}"
EndProject
Project("{9A19103F-16F7-4668-BE54-9A1E7A4F7556}") = "SinglyCircularLinkedList", "SinglyCircularLinkedList\SinglyCircularLinkedList.csproj", "{3E7A1E4C-3CAA-4966-8492-3A7552C2F7A2}"
EndProject
Project("{9A19103F-16F7-4668-BE54-9A1E7A4F7556}") = "DoubleLinkedList", "DoubleLinkedList\DoubleLinkedList.csproj", "{F6E7748F-2B9C-4093-99F5-EDE4742EE7E6}"
EndProject
Project("{9A19103F-16F7-4668-BE54-9A1E7A4F7556}") = "DoubleCircularLinkedList", "DoubleCircularLinkedList\DoubleCircularLinkedList.csproj", "{AE2F72AA-A04A-4F09-AFE6-11AF5DC30EB8}"
EndProject
Project("{9A19103F-16F7-4668-BE54-9A1E7A4F7556}") = "Program", "Program\Program.csproj", "{0CD69F1E-A43A-4C6F-9856-7EC1348ACFED}"
EndProject
Project("{2150E333-8FDC-42A3-9474-1A3956D46DE8}") = "Задачи", "Задачи", "{5D0EF857-8004-46DF-A581-FE0BA3702919}"
EndProject
Project("{9A19103F-16F7-4668-BE54-9A1E7A4F7556}") = "DeleteDublicates", "DeleteDublicates\DeleteDublicates.csproj", "{C72DED23-FE21-42AE-8A0E-364E08AADED5}"
EndProject
Project("{9A19103F-16F7-4668-BE54-9A1E7A4F7556}") = "UnionLists", "UnionLists\UnionLists.csproj", "{2C2E2DC7-CD45-42C0-A1F9-580A40CF8F77}"
EndProject
Project("{9A19103F-16F7-4668-BE54-9A1E7A4F7556}") = "SwitchingBetweenWindows", "SwitchingBetweenWindows\SwitchingBetweenWindows.csproj", "{27725DC2-44D8-4E9F-9209-80272C9499BF}"
EndProject
Project("{9A19103F-16F7-4668-BE54-9A1E7A4F7556}") = "BinaryToIntegerConversion", "BinaryToIntegerConversion\BinaryToIntegerConversion.csproj", "{E585169C-F79F-4C85-A135-44E827238EAE}"
EndProject
Project("{9A19103F-16F7-4668-BE54-9A1E7A4F7556}") = "NearBiggestElement", "NearBiggestElement\NearBiggestElement.csproj", "{CFC284CA-FB9C-4DE0-984B-481CE54F9AFE}"
EndProject
Project("{2150E333-8FDC-42A3-9474-1A3956D46DE8}") = "Stacks", "Stacks", "{2D19C144-0E8E-4DAE-ADF9-D0CEB7D03F8D}"
EndProject
Project("{9A19103F-16F7-4668-BE54-9A1E7A4F7556}") = "StackOnArray", "StackOnArray\StackOnArray.csproj", "{4AC49D0A-7BA5-44B1-A3AD-D8641AF17727}"
EndProject
Project("{9A19103F-16F7-4668-BE54-9A1E7A4F7556}") = "StackOnList", "StackOnList\StackOnList.csproj", "{5F669BC5-0B79-4F66-8A60-9B923B2ABDEA}"
EndProject
Project("{2150E333-8FDC-42A3-9474-1A3956D46DE8}") = "Задачи", "Задачи", "{6EAC7F55-5F1A-4C07-BC0C-CC05DAB5571E}"
EndProject
Project("{9A19103F-16F7-4668-BE54-9A1E7A4F7556}") = "BracketSequence", "BracketSequence\BracketSequence.csproj", "{AEB6126A-6A72-46BA-8C83-FB46459D0B01}"
EndProject
Project("{9A19103F-16F7-4668-BE54-9A1E7A4F7556}") = "Brothers", "Brothers\Brothers.csproj", "{D42671F4-8706-40FD-9580-D78CC7759EA9}"
EndProject
Project("{9A19103F-16F7-4668-BE54-9A1E7A4F7556}") = "Brothers2", "Brothers2\Brothers2.csproj", "{7E795619-AA19-4DA9-B3E7-53FB3546693A}"
EndProject
Project("{9A19103F-16F7-4668-BE54-9A1E7A4F7556}") = "ReversalSequence", "ReversalSequence\ReversalSequence.csproj", "{EF30D76A-C6DE-47B7-8F02-B5EFB711D2CD}"
EndProject
Project("{9A19103F-16F7-4668-BE54-9A1E7A4F7556}") = "Stack1", "Stack1\Stack1.csproj", "{8D735161-72B3-4CF1-B405-EBF2838DEF6F}"
EndProject
Project("{9A19103F-16F7-4668-BE54-9A1E7A4F7556}") = "Stack2", "Stack2\Stack2.csproj", "{27AAD873-2D7E-4939-9504-1432E9A663CE}"
EndProject
Project("{9A19103F-16F7-4668-BE54-9A1E7A4F7556}") = "PostfixForm", "PpostfixForm\PostfixForm.csproj", "{DC224D61-6465-4483-8B47-02C064D07270}"
EndProject
Project("{2150E333-8FDC-42A3-9474-1A3956D46DE8}") = "Arrays", "Arrays", "{266671A9-26E3-4261-A75C-FC0BB9037EB8}"
EndProject
Project("{9A19103F-16F7-4668-BE54-9A1E7A4F7556}") = "QueueOnArray", "QueueOnArray\QueueOnArray.csproj", "{8D8EFEA9-4C68-4B9C-8B33-6AA5CD735E55}"
EndProject
Project("{2150E333-8FDC-42A3-9474-1A3956D46DE8}") = "Queues", "Queues", "{8E459DA1-20A2-492D-8F75-0AE0A9BCBCBE}"
EndProject
Project("{9A19103F-16F7-4668-BE54-9A1E7A4F7556}") = "QueueOnCircularArray", "QueueOnCircularArray\QueueOnCircularArray.csproj", "{0C54AF4E-507A-4A77-BCA3-3CA2B12A7DD5}"
EndProject
Project("{9A19103F-16F7-4668-BE54-9A1E7A4F7556}") = "QueueOnLinkedList", "QueueOnLinkedList\QueueOnLinkedList.csproj", "{E0E6A52A-885B-4D8E-9C19-2D7135FB82DA}"
EndProject
Project("{2150E333-8FDC-42A3-9474-1A3956D46DE8}") = "Задачи", "Задачи", "{7E9DC838-7BE3-4045-83B1-F5C84BF5DFB0}"
EndProject
Project("{9A19103F-16F7-4668-BE54-9A1E7A4F7556}") = "Queue", "Queue\Queue.csproj", "{D3EFED1C-B0F5-4A85-9764-B14D98184641}"
EndProject
Project("{9A19103F-16F7-4668-BE54-9A1E7A4F7556}") = "Queue2", "Queue2\Queue2.csproj", "{D0B08A6F-9899-4350-8E41-D588B19A636C}"
EndProject
Project("{9A19103F-16F7-4668-BE54-9A1E7A4F7556}") = "BeeGeek", "BeeGeek\BeeGeek.csproj", "{1C13880C-732D-4A75-83B4-86F1F7BA7F48}"
EndProject
Project("{9A19103F-16F7-4668-BE54-9A1E7A4F7556}") = "GoblinsAndShamans", "GoblinsAndShamans\GoblinsAndShamans.csproj", "{4A733075-08C1-44B3-B43A-B697A9E204DF}"
EndProject
Project("{9A19103F-16F7-4668-BE54-9A1E7A4F7556}") = "Drunkard", "Drunkard\Drunkard.csproj", "{3EA22F40-1474-40B7-9F60-91243E5B6F32}"
EndProject
Project("{2150E333-8FDC-42A3-9474-1A3956D46DE8}") = "Set", "Set", "{A8076CC7-EE16-4E15-B5F9-2BB653DA56AB}"
EndProject
Project("{9A19103F-16F7-4668-BE54-9A1E7A4F7556}") = "SetOnArray", "SetOnArray\SetOnArray.csproj", "{E32824E7-7AFD-44FD-A67F-11C2D688C91E}"
EndProject
Project("{2150E333-8FDC-42A3-9474-1A3956D46DE8}") = "Задачи", "Задачи", "{A3CAC738-2519-40E2-BD6C-999041D4743F}"
EndProject
Project("{9A19103F-16F7-4668-BE54-9A1E7A4F7556}") = "TimurAndArthur", "TimurAndArthur\TimurAndArthur.csproj", "{9D9714D8-959C-4563-867E-A3F81C93ABE9}"
EndProject
Project("{9A19103F-16F7-4668-BE54-9A1E7A4F7556}") = "School", "School\School.csproj", "{16795DE1-0F1B-4AEC-9A0F-95B789D975FB}"
EndProject
Project("{9A19103F-16F7-4668-BE54-9A1E7A4F7556}") = "TimurAndBooks", "TimurAndBooks\TimurAndBooks.csproj", "{D15DA42A-811A-4692-9CC8-DA97CF83B2A5}"
EndProject
Project("{2150E333-8FDC-42A3-9474-1A3956D46DE8}") = "HashTables", "HashTables", "{39F3ED90-83D7-4E5F-B9DF-F40DEDBFFDF0}"
EndProject
Project("{9A19103F-16F7-4668-BE54-9A1E7A4F7556}") = "SimpleHashTable", "SimpleHashTable\SimpleHashTable.csproj", "{C42BAB30-7D87-4E03-B413-3609073FCFA0}"
EndProject
Project("{2150E333-8FDC-42A3-9474-1A3956D46DE8}") = "Задачи", "Задачи", "{C5419DDF-2A66-4290-8499-6BA0D0072AA7}"
EndProject
Project("{9A19103F-16F7-4668-BE54-9A1E7A4F7556}") = "NumberOfEachLetter", "NumberOfEachLetter\NumberOfEachLetter.csproj", "{E222AE21-C3D5-4174-A238-7304934AE703}"
EndProject
Project("{9A19103F-16F7-4668-BE54-9A1E7A4F7556}") = "Anagrams", "Anagrams\Anagrams.csproj", "{469E9205-BF8A-49B1-9857-87B01F46D0B1}"
EndProject
Global
	GlobalSection(SolutionConfigurationPlatforms) = preSolution
		Debug|Any CPU = Debug|Any CPU
		Release|Any CPU = Release|Any CPU
	EndGlobalSection
	GlobalSection(ProjectConfigurationPlatforms) = postSolution
		{AC9E038A-B9E9-494F-8D77-6D9ECEEB6C8A}.Debug|Any CPU.ActiveCfg = Debug|Any CPU
		{AC9E038A-B9E9-494F-8D77-6D9ECEEB6C8A}.Debug|Any CPU.Build.0 = Debug|Any CPU
		{AC9E038A-B9E9-494F-8D77-6D9ECEEB6C8A}.Release|Any CPU.ActiveCfg = Release|Any CPU
		{AC9E038A-B9E9-494F-8D77-6D9ECEEB6C8A}.Release|Any CPU.Build.0 = Release|Any CPU
		{E81AED8C-B7A6-4996-9F07-2591FDE5DBDE}.Debug|Any CPU.ActiveCfg = Debug|Any CPU
		{E81AED8C-B7A6-4996-9F07-2591FDE5DBDE}.Debug|Any CPU.Build.0 = Debug|Any CPU
		{E81AED8C-B7A6-4996-9F07-2591FDE5DBDE}.Release|Any CPU.ActiveCfg = Release|Any CPU
		{E81AED8C-B7A6-4996-9F07-2591FDE5DBDE}.Release|Any CPU.Build.0 = Release|Any CPU
		{CC907971-3A93-4213-B156-8322955208E4}.Debug|Any CPU.ActiveCfg = Debug|Any CPU
		{CC907971-3A93-4213-B156-8322955208E4}.Debug|Any CPU.Build.0 = Debug|Any CPU
		{CC907971-3A93-4213-B156-8322955208E4}.Release|Any CPU.ActiveCfg = Release|Any CPU
		{CC907971-3A93-4213-B156-8322955208E4}.Release|Any CPU.Build.0 = Release|Any CPU
		{FAFE6472-FD5D-479D-8F25-EB94B00A388D}.Debug|Any CPU.ActiveCfg = Debug|Any CPU
		{FAFE6472-FD5D-479D-8F25-EB94B00A388D}.Debug|Any CPU.Build.0 = Debug|Any CPU
		{FAFE6472-FD5D-479D-8F25-EB94B00A388D}.Release|Any CPU.ActiveCfg = Release|Any CPU
		{FAFE6472-FD5D-479D-8F25-EB94B00A388D}.Release|Any CPU.Build.0 = Release|Any CPU
		{E0D8746A-DA33-4828-B935-9E3F4CA01AC3}.Debug|Any CPU.ActiveCfg = Debug|Any CPU
		{E0D8746A-DA33-4828-B935-9E3F4CA01AC3}.Debug|Any CPU.Build.0 = Debug|Any CPU
		{E0D8746A-DA33-4828-B935-9E3F4CA01AC3}.Release|Any CPU.ActiveCfg = Release|Any CPU
		{E0D8746A-DA33-4828-B935-9E3F4CA01AC3}.Release|Any CPU.Build.0 = Release|Any CPU
		{2B9185AB-C1EB-45EE-B550-30C804D10F08}.Debug|Any CPU.ActiveCfg = Debug|Any CPU
		{2B9185AB-C1EB-45EE-B550-30C804D10F08}.Debug|Any CPU.Build.0 = Debug|Any CPU
		{2B9185AB-C1EB-45EE-B550-30C804D10F08}.Release|Any CPU.ActiveCfg = Release|Any CPU
		{2B9185AB-C1EB-45EE-B550-30C804D10F08}.Release|Any CPU.Build.0 = Release|Any CPU
		{571AC6A7-4C3F-40AE-AC7C-8D2C2CED7F5C}.Debug|Any CPU.ActiveCfg = Debug|Any CPU
		{571AC6A7-4C3F-40AE-AC7C-8D2C2CED7F5C}.Debug|Any CPU.Build.0 = Debug|Any CPU
		{571AC6A7-4C3F-40AE-AC7C-8D2C2CED7F5C}.Release|Any CPU.ActiveCfg = Release|Any CPU
		{571AC6A7-4C3F-40AE-AC7C-8D2C2CED7F5C}.Release|Any CPU.Build.0 = Release|Any CPU
		{8C92C467-B65F-4F71-8124-8584D1DD5E45}.Debug|Any CPU.ActiveCfg = Debug|Any CPU
		{8C92C467-B65F-4F71-8124-8584D1DD5E45}.Debug|Any CPU.Build.0 = Debug|Any CPU
		{8C92C467-B65F-4F71-8124-8584D1DD5E45}.Release|Any CPU.ActiveCfg = Release|Any CPU
		{8C92C467-B65F-4F71-8124-8584D1DD5E45}.Release|Any CPU.Build.0 = Release|Any CPU
		{BA270921-0E23-4B15-961B-82CFB08A40E8}.Debug|Any CPU.ActiveCfg = Debug|Any CPU
		{BA270921-0E23-4B15-961B-82CFB08A40E8}.Debug|Any CPU.Build.0 = Debug|Any CPU
		{BA270921-0E23-4B15-961B-82CFB08A40E8}.Release|Any CPU.ActiveCfg = Release|Any CPU
		{BA270921-0E23-4B15-961B-82CFB08A40E8}.Release|Any CPU.Build.0 = Release|Any CPU
		{70344E9D-33AE-4366-A1C8-E3BF88289241}.Debug|Any CPU.ActiveCfg = Debug|Any CPU
		{70344E9D-33AE-4366-A1C8-E3BF88289241}.Debug|Any CPU.Build.0 = Debug|Any CPU
		{70344E9D-33AE-4366-A1C8-E3BF88289241}.Release|Any CPU.ActiveCfg = Release|Any CPU
		{70344E9D-33AE-4366-A1C8-E3BF88289241}.Release|Any CPU.Build.0 = Release|Any CPU
		{B93221FB-5D3B-45A6-B56E-DE4ADE65995A}.Debug|Any CPU.ActiveCfg = Debug|Any CPU
		{B93221FB-5D3B-45A6-B56E-DE4ADE65995A}.Debug|Any CPU.Build.0 = Debug|Any CPU
		{B93221FB-5D3B-45A6-B56E-DE4ADE65995A}.Release|Any CPU.ActiveCfg = Release|Any CPU
		{B93221FB-5D3B-45A6-B56E-DE4ADE65995A}.Release|Any CPU.Build.0 = Release|Any CPU
		{7367CB44-59A8-4510-A7DF-438327828233}.Debug|Any CPU.ActiveCfg = Debug|Any CPU
		{7367CB44-59A8-4510-A7DF-438327828233}.Debug|Any CPU.Build.0 = Debug|Any CPU
		{7367CB44-59A8-4510-A7DF-438327828233}.Release|Any CPU.ActiveCfg = Release|Any CPU
		{7367CB44-59A8-4510-A7DF-438327828233}.Release|Any CPU.Build.0 = Release|Any CPU
		{C3719B89-BB5F-41C3-995A-5D1000DA4FC9}.Debug|Any CPU.ActiveCfg = Debug|Any CPU
		{C3719B89-BB5F-41C3-995A-5D1000DA4FC9}.Debug|Any CPU.Build.0 = Debug|Any CPU
		{C3719B89-BB5F-41C3-995A-5D1000DA4FC9}.Release|Any CPU.ActiveCfg = Release|Any CPU
		{C3719B89-BB5F-41C3-995A-5D1000DA4FC9}.Release|Any CPU.Build.0 = Release|Any CPU
		{E7A6408E-C551-423F-BCD4-37FE5FCD0FAB}.Debug|Any CPU.ActiveCfg = Debug|Any CPU
		{E7A6408E-C551-423F-BCD4-37FE5FCD0FAB}.Debug|Any CPU.Build.0 = Debug|Any CPU
		{E7A6408E-C551-423F-BCD4-37FE5FCD0FAB}.Release|Any CPU.ActiveCfg = Release|Any CPU
		{E7A6408E-C551-423F-BCD4-37FE5FCD0FAB}.Release|Any CPU.Build.0 = Release|Any CPU
		{1DA4D0C2-06D0-4AAB-9EFD-E139C308EFF5}.Debug|Any CPU.ActiveCfg = Debug|Any CPU
		{1DA4D0C2-06D0-4AAB-9EFD-E139C308EFF5}.Debug|Any CPU.Build.0 = Debug|Any CPU
		{1DA4D0C2-06D0-4AAB-9EFD-E139C308EFF5}.Release|Any CPU.ActiveCfg = Release|Any CPU
		{1DA4D0C2-06D0-4AAB-9EFD-E139C308EFF5}.Release|Any CPU.Build.0 = Release|Any CPU
		{3E7A1E4C-3CAA-4966-8492-3A7552C2F7A2}.Debug|Any CPU.ActiveCfg = Debug|Any CPU
		{3E7A1E4C-3CAA-4966-8492-3A7552C2F7A2}.Debug|Any CPU.Build.0 = Debug|Any CPU
		{3E7A1E4C-3CAA-4966-8492-3A7552C2F7A2}.Release|Any CPU.ActiveCfg = Release|Any CPU
		{3E7A1E4C-3CAA-4966-8492-3A7552C2F7A2}.Release|Any CPU.Build.0 = Release|Any CPU
		{F6E7748F-2B9C-4093-99F5-EDE4742EE7E6}.Debug|Any CPU.ActiveCfg = Debug|Any CPU
		{F6E7748F-2B9C-4093-99F5-EDE4742EE7E6}.Debug|Any CPU.Build.0 = Debug|Any CPU
		{F6E7748F-2B9C-4093-99F5-EDE4742EE7E6}.Release|Any CPU.ActiveCfg = Release|Any CPU
		{F6E7748F-2B9C-4093-99F5-EDE4742EE7E6}.Release|Any CPU.Build.0 = Release|Any CPU
		{AE2F72AA-A04A-4F09-AFE6-11AF5DC30EB8}.Debug|Any CPU.ActiveCfg = Debug|Any CPU
		{AE2F72AA-A04A-4F09-AFE6-11AF5DC30EB8}.Debug|Any CPU.Build.0 = Debug|Any CPU
		{AE2F72AA-A04A-4F09-AFE6-11AF5DC30EB8}.Release|Any CPU.ActiveCfg = Release|Any CPU
		{AE2F72AA-A04A-4F09-AFE6-11AF5DC30EB8}.Release|Any CPU.Build.0 = Release|Any CPU
		{0CD69F1E-A43A-4C6F-9856-7EC1348ACFED}.Debug|Any CPU.ActiveCfg = Debug|Any CPU
		{0CD69F1E-A43A-4C6F-9856-7EC1348ACFED}.Debug|Any CPU.Build.0 = Debug|Any CPU
		{0CD69F1E-A43A-4C6F-9856-7EC1348ACFED}.Release|Any CPU.ActiveCfg = Release|Any CPU
		{0CD69F1E-A43A-4C6F-9856-7EC1348ACFED}.Release|Any CPU.Build.0 = Release|Any CPU
		{C72DED23-FE21-42AE-8A0E-364E08AADED5}.Debug|Any CPU.ActiveCfg = Debug|Any CPU
		{C72DED23-FE21-42AE-8A0E-364E08AADED5}.Debug|Any CPU.Build.0 = Debug|Any CPU
		{C72DED23-FE21-42AE-8A0E-364E08AADED5}.Release|Any CPU.ActiveCfg = Release|Any CPU
		{C72DED23-FE21-42AE-8A0E-364E08AADED5}.Release|Any CPU.Build.0 = Release|Any CPU
		{2C2E2DC7-CD45-42C0-A1F9-580A40CF8F77}.Debug|Any CPU.ActiveCfg = Debug|Any CPU
		{2C2E2DC7-CD45-42C0-A1F9-580A40CF8F77}.Debug|Any CPU.Build.0 = Debug|Any CPU
		{2C2E2DC7-CD45-42C0-A1F9-580A40CF8F77}.Release|Any CPU.ActiveCfg = Release|Any CPU
		{2C2E2DC7-CD45-42C0-A1F9-580A40CF8F77}.Release|Any CPU.Build.0 = Release|Any CPU
		{27725DC2-44D8-4E9F-9209-80272C9499BF}.Debug|Any CPU.ActiveCfg = Debug|Any CPU
		{27725DC2-44D8-4E9F-9209-80272C9499BF}.Debug|Any CPU.Build.0 = Debug|Any CPU
		{27725DC2-44D8-4E9F-9209-80272C9499BF}.Release|Any CPU.ActiveCfg = Release|Any CPU
		{27725DC2-44D8-4E9F-9209-80272C9499BF}.Release|Any CPU.Build.0 = Release|Any CPU
		{E585169C-F79F-4C85-A135-44E827238EAE}.Debug|Any CPU.ActiveCfg = Debug|Any CPU
		{E585169C-F79F-4C85-A135-44E827238EAE}.Debug|Any CPU.Build.0 = Debug|Any CPU
		{E585169C-F79F-4C85-A135-44E827238EAE}.Release|Any CPU.ActiveCfg = Release|Any CPU
		{E585169C-F79F-4C85-A135-44E827238EAE}.Release|Any CPU.Build.0 = Release|Any CPU
		{CFC284CA-FB9C-4DE0-984B-481CE54F9AFE}.Debug|Any CPU.ActiveCfg = Debug|Any CPU
		{CFC284CA-FB9C-4DE0-984B-481CE54F9AFE}.Debug|Any CPU.Build.0 = Debug|Any CPU
		{CFC284CA-FB9C-4DE0-984B-481CE54F9AFE}.Release|Any CPU.ActiveCfg = Release|Any CPU
		{CFC284CA-FB9C-4DE0-984B-481CE54F9AFE}.Release|Any CPU.Build.0 = Release|Any CPU
		{4AC49D0A-7BA5-44B1-A3AD-D8641AF17727}.Debug|Any CPU.ActiveCfg = Debug|Any CPU
		{4AC49D0A-7BA5-44B1-A3AD-D8641AF17727}.Debug|Any CPU.Build.0 = Debug|Any CPU
		{4AC49D0A-7BA5-44B1-A3AD-D8641AF17727}.Release|Any CPU.ActiveCfg = Release|Any CPU
		{4AC49D0A-7BA5-44B1-A3AD-D8641AF17727}.Release|Any CPU.Build.0 = Release|Any CPU
		{5F669BC5-0B79-4F66-8A60-9B923B2ABDEA}.Debug|Any CPU.ActiveCfg = Debug|Any CPU
		{5F669BC5-0B79-4F66-8A60-9B923B2ABDEA}.Debug|Any CPU.Build.0 = Debug|Any CPU
		{5F669BC5-0B79-4F66-8A60-9B923B2ABDEA}.Release|Any CPU.ActiveCfg = Release|Any CPU
		{5F669BC5-0B79-4F66-8A60-9B923B2ABDEA}.Release|Any CPU.Build.0 = Release|Any CPU
		{AEB6126A-6A72-46BA-8C83-FB46459D0B01}.Debug|Any CPU.ActiveCfg = Debug|Any CPU
		{AEB6126A-6A72-46BA-8C83-FB46459D0B01}.Debug|Any CPU.Build.0 = Debug|Any CPU
		{AEB6126A-6A72-46BA-8C83-FB46459D0B01}.Release|Any CPU.ActiveCfg = Release|Any CPU
		{AEB6126A-6A72-46BA-8C83-FB46459D0B01}.Release|Any CPU.Build.0 = Release|Any CPU
		{D42671F4-8706-40FD-9580-D78CC7759EA9}.Debug|Any CPU.ActiveCfg = Debug|Any CPU
		{D42671F4-8706-40FD-9580-D78CC7759EA9}.Debug|Any CPU.Build.0 = Debug|Any CPU
		{D42671F4-8706-40FD-9580-D78CC7759EA9}.Release|Any CPU.ActiveCfg = Release|Any CPU
		{D42671F4-8706-40FD-9580-D78CC7759EA9}.Release|Any CPU.Build.0 = Release|Any CPU
		{7E795619-AA19-4DA9-B3E7-53FB3546693A}.Debug|Any CPU.ActiveCfg = Debug|Any CPU
		{7E795619-AA19-4DA9-B3E7-53FB3546693A}.Debug|Any CPU.Build.0 = Debug|Any CPU
		{7E795619-AA19-4DA9-B3E7-53FB3546693A}.Release|Any CPU.ActiveCfg = Release|Any CPU
		{7E795619-AA19-4DA9-B3E7-53FB3546693A}.Release|Any CPU.Build.0 = Release|Any CPU
		{EF30D76A-C6DE-47B7-8F02-B5EFB711D2CD}.Debug|Any CPU.ActiveCfg = Debug|Any CPU
		{EF30D76A-C6DE-47B7-8F02-B5EFB711D2CD}.Debug|Any CPU.Build.0 = Debug|Any CPU
		{EF30D76A-C6DE-47B7-8F02-B5EFB711D2CD}.Release|Any CPU.ActiveCfg = Release|Any CPU
		{EF30D76A-C6DE-47B7-8F02-B5EFB711D2CD}.Release|Any CPU.Build.0 = Release|Any CPU
		{8D735161-72B3-4CF1-B405-EBF2838DEF6F}.Debug|Any CPU.ActiveCfg = Debug|Any CPU
		{8D735161-72B3-4CF1-B405-EBF2838DEF6F}.Debug|Any CPU.Build.0 = Debug|Any CPU
		{8D735161-72B3-4CF1-B405-EBF2838DEF6F}.Release|Any CPU.ActiveCfg = Release|Any CPU
		{8D735161-72B3-4CF1-B405-EBF2838DEF6F}.Release|Any CPU.Build.0 = Release|Any CPU
		{27AAD873-2D7E-4939-9504-1432E9A663CE}.Debug|Any CPU.ActiveCfg = Debug|Any CPU
		{27AAD873-2D7E-4939-9504-1432E9A663CE}.Debug|Any CPU.Build.0 = Debug|Any CPU
		{27AAD873-2D7E-4939-9504-1432E9A663CE}.Release|Any CPU.ActiveCfg = Release|Any CPU
		{27AAD873-2D7E-4939-9504-1432E9A663CE}.Release|Any CPU.Build.0 = Release|Any CPU
		{DC224D61-6465-4483-8B47-02C064D07270}.Debug|Any CPU.ActiveCfg = Debug|Any CPU
		{DC224D61-6465-4483-8B47-02C064D07270}.Debug|Any CPU.Build.0 = Debug|Any CPU
		{DC224D61-6465-4483-8B47-02C064D07270}.Release|Any CPU.ActiveCfg = Release|Any CPU
		{DC224D61-6465-4483-8B47-02C064D07270}.Release|Any CPU.Build.0 = Release|Any CPU
		{8D8EFEA9-4C68-4B9C-8B33-6AA5CD735E55}.Debug|Any CPU.ActiveCfg = Debug|Any CPU
		{8D8EFEA9-4C68-4B9C-8B33-6AA5CD735E55}.Debug|Any CPU.Build.0 = Debug|Any CPU
		{8D8EFEA9-4C68-4B9C-8B33-6AA5CD735E55}.Release|Any CPU.ActiveCfg = Release|Any CPU
		{8D8EFEA9-4C68-4B9C-8B33-6AA5CD735E55}.Release|Any CPU.Build.0 = Release|Any CPU
		{0C54AF4E-507A-4A77-BCA3-3CA2B12A7DD5}.Debug|Any CPU.ActiveCfg = Debug|Any CPU
		{0C54AF4E-507A-4A77-BCA3-3CA2B12A7DD5}.Debug|Any CPU.Build.0 = Debug|Any CPU
		{0C54AF4E-507A-4A77-BCA3-3CA2B12A7DD5}.Release|Any CPU.ActiveCfg = Release|Any CPU
		{0C54AF4E-507A-4A77-BCA3-3CA2B12A7DD5}.Release|Any CPU.Build.0 = Release|Any CPU
		{E0E6A52A-885B-4D8E-9C19-2D7135FB82DA}.Debug|Any CPU.ActiveCfg = Debug|Any CPU
		{E0E6A52A-885B-4D8E-9C19-2D7135FB82DA}.Debug|Any CPU.Build.0 = Debug|Any CPU
		{E0E6A52A-885B-4D8E-9C19-2D7135FB82DA}.Release|Any CPU.ActiveCfg = Release|Any CPU
		{E0E6A52A-885B-4D8E-9C19-2D7135FB82DA}.Release|Any CPU.Build.0 = Release|Any CPU
		{D3EFED1C-B0F5-4A85-9764-B14D98184641}.Debug|Any CPU.ActiveCfg = Debug|Any CPU
		{D3EFED1C-B0F5-4A85-9764-B14D98184641}.Debug|Any CPU.Build.0 = Debug|Any CPU
		{D3EFED1C-B0F5-4A85-9764-B14D98184641}.Release|Any CPU.ActiveCfg = Release|Any CPU
		{D3EFED1C-B0F5-4A85-9764-B14D98184641}.Release|Any CPU.Build.0 = Release|Any CPU
		{D0B08A6F-9899-4350-8E41-D588B19A636C}.Debug|Any CPU.ActiveCfg = Debug|Any CPU
		{D0B08A6F-9899-4350-8E41-D588B19A636C}.Debug|Any CPU.Build.0 = Debug|Any CPU
		{D0B08A6F-9899-4350-8E41-D588B19A636C}.Release|Any CPU.ActiveCfg = Release|Any CPU
		{D0B08A6F-9899-4350-8E41-D588B19A636C}.Release|Any CPU.Build.0 = Release|Any CPU
		{1C13880C-732D-4A75-83B4-86F1F7BA7F48}.Debug|Any CPU.ActiveCfg = Debug|Any CPU
		{1C13880C-732D-4A75-83B4-86F1F7BA7F48}.Debug|Any CPU.Build.0 = Debug|Any CPU
		{1C13880C-732D-4A75-83B4-86F1F7BA7F48}.Release|Any CPU.ActiveCfg = Release|Any CPU
		{1C13880C-732D-4A75-83B4-86F1F7BA7F48}.Release|Any CPU.Build.0 = Release|Any CPU
		{4A733075-08C1-44B3-B43A-B697A9E204DF}.Debug|Any CPU.ActiveCfg = Debug|Any CPU
		{4A733075-08C1-44B3-B43A-B697A9E204DF}.Debug|Any CPU.Build.0 = Debug|Any CPU
		{4A733075-08C1-44B3-B43A-B697A9E204DF}.Release|Any CPU.ActiveCfg = Release|Any CPU
		{4A733075-08C1-44B3-B43A-B697A9E204DF}.Release|Any CPU.Build.0 = Release|Any CPU
		{3EA22F40-1474-40B7-9F60-91243E5B6F32}.Debug|Any CPU.ActiveCfg = Debug|Any CPU
		{3EA22F40-1474-40B7-9F60-91243E5B6F32}.Debug|Any CPU.Build.0 = Debug|Any CPU
		{3EA22F40-1474-40B7-9F60-91243E5B6F32}.Release|Any CPU.ActiveCfg = Release|Any CPU
		{3EA22F40-1474-40B7-9F60-91243E5B6F32}.Release|Any CPU.Build.0 = Release|Any CPU
		{E32824E7-7AFD-44FD-A67F-11C2D688C91E}.Debug|Any CPU.ActiveCfg = Debug|Any CPU
		{E32824E7-7AFD-44FD-A67F-11C2D688C91E}.Debug|Any CPU.Build.0 = Debug|Any CPU
		{E32824E7-7AFD-44FD-A67F-11C2D688C91E}.Release|Any CPU.ActiveCfg = Release|Any CPU
		{E32824E7-7AFD-44FD-A67F-11C2D688C91E}.Release|Any CPU.Build.0 = Release|Any CPU
		{9D9714D8-959C-4563-867E-A3F81C93ABE9}.Debug|Any CPU.ActiveCfg = Debug|Any CPU
		{9D9714D8-959C-4563-867E-A3F81C93ABE9}.Debug|Any CPU.Build.0 = Debug|Any CPU
		{9D9714D8-959C-4563-867E-A3F81C93ABE9}.Release|Any CPU.ActiveCfg = Release|Any CPU
		{9D9714D8-959C-4563-867E-A3F81C93ABE9}.Release|Any CPU.Build.0 = Release|Any CPU
		{16795DE1-0F1B-4AEC-9A0F-95B789D975FB}.Debug|Any CPU.ActiveCfg = Debug|Any CPU
		{16795DE1-0F1B-4AEC-9A0F-95B789D975FB}.Debug|Any CPU.Build.0 = Debug|Any CPU
		{16795DE1-0F1B-4AEC-9A0F-95B789D975FB}.Release|Any CPU.ActiveCfg = Release|Any CPU
		{16795DE1-0F1B-4AEC-9A0F-95B789D975FB}.Release|Any CPU.Build.0 = Release|Any CPU
		{D15DA42A-811A-4692-9CC8-DA97CF83B2A5}.Debug|Any CPU.ActiveCfg = Debug|Any CPU
		{D15DA42A-811A-4692-9CC8-DA97CF83B2A5}.Debug|Any CPU.Build.0 = Debug|Any CPU
		{D15DA42A-811A-4692-9CC8-DA97CF83B2A5}.Release|Any CPU.ActiveCfg = Release|Any CPU
		{D15DA42A-811A-4692-9CC8-DA97CF83B2A5}.Release|Any CPU.Build.0 = Release|Any CPU
		{C42BAB30-7D87-4E03-B413-3609073FCFA0}.Debug|Any CPU.ActiveCfg = Debug|Any CPU
		{C42BAB30-7D87-4E03-B413-3609073FCFA0}.Debug|Any CPU.Build.0 = Debug|Any CPU
		{C42BAB30-7D87-4E03-B413-3609073FCFA0}.Release|Any CPU.ActiveCfg = Release|Any CPU
		{C42BAB30-7D87-4E03-B413-3609073FCFA0}.Release|Any CPU.Build.0 = Release|Any CPU
		{E222AE21-C3D5-4174-A238-7304934AE703}.Debug|Any CPU.ActiveCfg = Debug|Any CPU
		{E222AE21-C3D5-4174-A238-7304934AE703}.Debug|Any CPU.Build.0 = Debug|Any CPU
		{E222AE21-C3D5-4174-A238-7304934AE703}.Release|Any CPU.ActiveCfg = Release|Any CPU
		{E222AE21-C3D5-4174-A238-7304934AE703}.Release|Any CPU.Build.0 = Release|Any CPU
		{469E9205-BF8A-49B1-9857-87B01F46D0B1}.Debug|Any CPU.ActiveCfg = Debug|Any CPU
		{469E9205-BF8A-49B1-9857-87B01F46D0B1}.Debug|Any CPU.Build.0 = Debug|Any CPU
		{469E9205-BF8A-49B1-9857-87B01F46D0B1}.Release|Any CPU.ActiveCfg = Release|Any CPU
		{469E9205-BF8A-49B1-9857-87B01F46D0B1}.Release|Any CPU.Build.0 = Release|Any CPU
	EndGlobalSection
	GlobalSection(SolutionProperties) = preSolution
		HideSolutionNode = FALSE
	EndGlobalSection
	GlobalSection(NestedProjects) = preSolution
		{AC9E038A-B9E9-494F-8D77-6D9ECEEB6C8A} = {4C01A919-822A-4B87-A141-31379AC08145}
		{4C01A919-822A-4B87-A141-31379AC08145} = {1AACC8A9-54C9-427A-931A-87CD346F654C}
		{E81AED8C-B7A6-4996-9F07-2591FDE5DBDE} = {90765911-01C1-462D-A0A3-17A3B2117A96}
		{CC907971-3A93-4213-B156-8322955208E4} = {90765911-01C1-462D-A0A3-17A3B2117A96}
		{FAFE6472-FD5D-479D-8F25-EB94B00A388D} = {90765911-01C1-462D-A0A3-17A3B2117A96}
		{E0D8746A-DA33-4828-B935-9E3F4CA01AC3} = {5124CA71-8B57-4571-8B7D-323C7EE89047}
		{90765911-01C1-462D-A0A3-17A3B2117A96} = {4C01A919-822A-4B87-A141-31379AC08145}
		{5124CA71-8B57-4571-8B7D-323C7EE89047} = {4C01A919-822A-4B87-A141-31379AC08145}
		{2B9185AB-C1EB-45EE-B550-30C804D10F08} = {5124CA71-8B57-4571-8B7D-323C7EE89047}
		{571AC6A7-4C3F-40AE-AC7C-8D2C2CED7F5C} = {5124CA71-8B57-4571-8B7D-323C7EE89047}
		{579A8B06-D14E-4A70-BF09-0505CA354540} = {1AACC8A9-54C9-427A-931A-87CD346F654C}
		{8C92C467-B65F-4F71-8124-8584D1DD5E45} = {579A8B06-D14E-4A70-BF09-0505CA354540}
		{BA270921-0E23-4B15-961B-82CFB08A40E8} = {579A8B06-D14E-4A70-BF09-0505CA354540}
		{70344E9D-33AE-4366-A1C8-E3BF88289241} = {579A8B06-D14E-4A70-BF09-0505CA354540}
		{B93221FB-5D3B-45A6-B56E-DE4ADE65995A} = {579A8B06-D14E-4A70-BF09-0505CA354540}
		{7367CB44-59A8-4510-A7DF-438327828233} = {579A8B06-D14E-4A70-BF09-0505CA354540}
		{C3719B89-BB5F-41C3-995A-5D1000DA4FC9} = {266671A9-26E3-4261-A75C-FC0BB9037EB8}
		{E7A6408E-C551-423F-BCD4-37FE5FCD0FAB} = {A85DD13B-A3A3-42BD-8A67-CBCF15C066EA}
		{A85DD13B-A3A3-42BD-8A67-CBCF15C066EA} = {FA67A68D-DBA0-4D97-8803-9893CD6C69E8}
		{1DA4D0C2-06D0-4AAB-9EFD-E139C308EFF5} = {A85DD13B-A3A3-42BD-8A67-CBCF15C066EA}
		{3E7A1E4C-3CAA-4966-8492-3A7552C2F7A2} = {A85DD13B-A3A3-42BD-8A67-CBCF15C066EA}
		{F6E7748F-2B9C-4093-99F5-EDE4742EE7E6} = {A85DD13B-A3A3-42BD-8A67-CBCF15C066EA}
		{AE2F72AA-A04A-4F09-AFE6-11AF5DC30EB8} = {A85DD13B-A3A3-42BD-8A67-CBCF15C066EA}
		{5D0EF857-8004-46DF-A581-FE0BA3702919} = {A85DD13B-A3A3-42BD-8A67-CBCF15C066EA}
		{C72DED23-FE21-42AE-8A0E-364E08AADED5} = {5D0EF857-8004-46DF-A581-FE0BA3702919}
		{2C2E2DC7-CD45-42C0-A1F9-580A40CF8F77} = {5D0EF857-8004-46DF-A581-FE0BA3702919}
		{27725DC2-44D8-4E9F-9209-80272C9499BF} = {5D0EF857-8004-46DF-A581-FE0BA3702919}
		{E585169C-F79F-4C85-A135-44E827238EAE} = {5D0EF857-8004-46DF-A581-FE0BA3702919}
		{CFC284CA-FB9C-4DE0-984B-481CE54F9AFE} = {5D0EF857-8004-46DF-A581-FE0BA3702919}
		{2D19C144-0E8E-4DAE-ADF9-D0CEB7D03F8D} = {FA67A68D-DBA0-4D97-8803-9893CD6C69E8}
		{4AC49D0A-7BA5-44B1-A3AD-D8641AF17727} = {2D19C144-0E8E-4DAE-ADF9-D0CEB7D03F8D}
		{5F669BC5-0B79-4F66-8A60-9B923B2ABDEA} = {2D19C144-0E8E-4DAE-ADF9-D0CEB7D03F8D}
		{6EAC7F55-5F1A-4C07-BC0C-CC05DAB5571E} = {2D19C144-0E8E-4DAE-ADF9-D0CEB7D03F8D}
		{AEB6126A-6A72-46BA-8C83-FB46459D0B01} = {6EAC7F55-5F1A-4C07-BC0C-CC05DAB5571E}
		{D42671F4-8706-40FD-9580-D78CC7759EA9} = {6EAC7F55-5F1A-4C07-BC0C-CC05DAB5571E}
		{7E795619-AA19-4DA9-B3E7-53FB3546693A} = {6EAC7F55-5F1A-4C07-BC0C-CC05DAB5571E}
		{EF30D76A-C6DE-47B7-8F02-B5EFB711D2CD} = {6EAC7F55-5F1A-4C07-BC0C-CC05DAB5571E}
		{8D735161-72B3-4CF1-B405-EBF2838DEF6F} = {6EAC7F55-5F1A-4C07-BC0C-CC05DAB5571E}
		{27AAD873-2D7E-4939-9504-1432E9A663CE} = {6EAC7F55-5F1A-4C07-BC0C-CC05DAB5571E}
		{DC224D61-6465-4483-8B47-02C064D07270} = {6EAC7F55-5F1A-4C07-BC0C-CC05DAB5571E}
		{266671A9-26E3-4261-A75C-FC0BB9037EB8} = {FA67A68D-DBA0-4D97-8803-9893CD6C69E8}
		{8D8EFEA9-4C68-4B9C-8B33-6AA5CD735E55} = {8E459DA1-20A2-492D-8F75-0AE0A9BCBCBE}
		{8E459DA1-20A2-492D-8F75-0AE0A9BCBCBE} = {FA67A68D-DBA0-4D97-8803-9893CD6C69E8}
		{0C54AF4E-507A-4A77-BCA3-3CA2B12A7DD5} = {8E459DA1-20A2-492D-8F75-0AE0A9BCBCBE}
		{E0E6A52A-885B-4D8E-9C19-2D7135FB82DA} = {8E459DA1-20A2-492D-8F75-0AE0A9BCBCBE}
		{7E9DC838-7BE3-4045-83B1-F5C84BF5DFB0} = {8E459DA1-20A2-492D-8F75-0AE0A9BCBCBE}
		{D3EFED1C-B0F5-4A85-9764-B14D98184641} = {7E9DC838-7BE3-4045-83B1-F5C84BF5DFB0}
		{D0B08A6F-9899-4350-8E41-D588B19A636C} = {7E9DC838-7BE3-4045-83B1-F5C84BF5DFB0}
		{1C13880C-732D-4A75-83B4-86F1F7BA7F48} = {7E9DC838-7BE3-4045-83B1-F5C84BF5DFB0}
		{4A733075-08C1-44B3-B43A-B697A9E204DF} = {7E9DC838-7BE3-4045-83B1-F5C84BF5DFB0}
		{3EA22F40-1474-40B7-9F60-91243E5B6F32} = {7E9DC838-7BE3-4045-83B1-F5C84BF5DFB0}
		{A8076CC7-EE16-4E15-B5F9-2BB653DA56AB} = {FA67A68D-DBA0-4D97-8803-9893CD6C69E8}
		{E32824E7-7AFD-44FD-A67F-11C2D688C91E} = {A8076CC7-EE16-4E15-B5F9-2BB653DA56AB}
		{A3CAC738-2519-40E2-BD6C-999041D4743F} = {A8076CC7-EE16-4E15-B5F9-2BB653DA56AB}
		{9D9714D8-959C-4563-867E-A3F81C93ABE9} = {A3CAC738-2519-40E2-BD6C-999041D4743F}
		{16795DE1-0F1B-4AEC-9A0F-95B789D975FB} = {A3CAC738-2519-40E2-BD6C-999041D4743F}
		{D15DA42A-811A-4692-9CC8-DA97CF83B2A5} = {A3CAC738-2519-40E2-BD6C-999041D4743F}
		{39F3ED90-83D7-4E5F-B9DF-F40DEDBFFDF0} = {FA67A68D-DBA0-4D97-8803-9893CD6C69E8}
		{C42BAB30-7D87-4E03-B413-3609073FCFA0} = {39F3ED90-83D7-4E5F-B9DF-F40DEDBFFDF0}
		{C5419DDF-2A66-4290-8499-6BA0D0072AA7} = {39F3ED90-83D7-4E5F-B9DF-F40DEDBFFDF0}
		{E222AE21-C3D5-4174-A238-7304934AE703} = {C5419DDF-2A66-4290-8499-6BA0D0072AA7}
		{469E9205-BF8A-49B1-9857-87B01F46D0B1} = {C5419DDF-2A66-4290-8499-6BA0D0072AA7}
	EndGlobalSection
	GlobalSection(ExtensibilityGlobals) = postSolution
		SolutionGuid = {B276E456-BFA9-4055-B56D-CEB2EE2A9859}
	EndGlobalSection
EndGlobal
